// !$*UTF8*$!
{
	archiveVersion = 1;
	classes = {
	};
	objectVersion = 51;
	objects = {

/* Begin PBXBuildFile section */
		21D823E79BA4834F0804C6F6 /* Pods_ERipadApp.framework in Frameworks */ = {isa = PBXBuildFile; fileRef = 40C741CAC0E3F74F6679A1FE /* Pods_ERipadApp.framework */; };
		923A901C276D804D00CA8411 /* AppDelegate.swift in Sources */ = {isa = PBXBuildFile; fileRef = 923A901B276D804D00CA8411 /* AppDelegate.swift */; };
		923A901E276D804D00CA8411 /* SceneDelegate.swift in Sources */ = {isa = PBXBuildFile; fileRef = 923A901D276D804D00CA8411 /* SceneDelegate.swift */; };
		923A9020276D804D00CA8411 /* ViewController.swift in Sources */ = {isa = PBXBuildFile; fileRef = 923A901F276D804D00CA8411 /* ViewController.swift */; };
		923A9023276D804D00CA8411 /* Main.storyboard in Resources */ = {isa = PBXBuildFile; fileRef = 923A9021276D804D00CA8411 /* Main.storyboard */; };
		923A9025276D804F00CA8411 /* Assets.xcassets in Resources */ = {isa = PBXBuildFile; fileRef = 923A9024276D804F00CA8411 /* Assets.xcassets */; };
		923A9028276D804F00CA8411 /* LaunchScreen.storyboard in Resources */ = {isa = PBXBuildFile; fileRef = 923A9026276D804F00CA8411 /* LaunchScreen.storyboard */; };
		923A9030276D806600CA8411 /* LoginViewController.swift in Sources */ = {isa = PBXBuildFile; fileRef = 923A902F276D806600CA8411 /* LoginViewController.swift */; };
		923A9032276D807100CA8411 /* HallViewController.swift in Sources */ = {isa = PBXBuildFile; fileRef = 923A9031276D807100CA8411 /* HallViewController.swift */; };
		923A9034276D807B00CA8411 /* StatusViewController.swift in Sources */ = {isa = PBXBuildFile; fileRef = 923A9033276D807B00CA8411 /* StatusViewController.swift */; };
		923A9036276D808800CA8411 /* ChatViewController.swift in Sources */ = {isa = PBXBuildFile; fileRef = 923A9035276D808800CA8411 /* ChatViewController.swift */; };
		923A9038276D828000CA8411 /* GoogleService-Info.plist in Resources */ = {isa = PBXBuildFile; fileRef = 923A9037276D828000CA8411 /* GoogleService-Info.plist */; };
		923A903A276D8A2800CA8411 /* TabBarController.swift in Sources */ = {isa = PBXBuildFile; fileRef = 923A9039276D8A2800CA8411 /* TabBarController.swift */; };
		923A903C276D8D5D00CA8411 /* SettingViewController.swift in Sources */ = {isa = PBXBuildFile; fileRef = 923A903B276D8D5D00CA8411 /* SettingViewController.swift */; };
		923A903E276D8FBA00CA8411 /* AreaData.swift in Sources */ = {isa = PBXBuildFile; fileRef = 923A903D276D8FBA00CA8411 /* AreaData.swift */; };
		923A9040276D8FC600CA8411 /* HallData.swift in Sources */ = {isa = PBXBuildFile; fileRef = 923A903F276D8FC600CA8411 /* HallData.swift */; };
		923A9042276D8FD500CA8411 /* BroadcastData.swift in Sources */ = {isa = PBXBuildFile; fileRef = 923A9041276D8FD500CA8411 /* BroadcastData.swift */; };
		923A904C2773340400CA8411 /* BroadcastHeaderView.swift in Sources */ = {isa = PBXBuildFile; fileRef = 923A904B2773340400CA8411 /* BroadcastHeaderView.swift */; };
		923A904E27743C2900CA8411 /* PostData.swift in Sources */ = {isa = PBXBuildFile; fileRef = 923A904D27743C2900CA8411 /* PostData.swift */; };
		923A90532774431B00CA8411 /* PostTableViewCell.swift in Sources */ = {isa = PBXBuildFile; fileRef = 923A90512774431A00CA8411 /* PostTableViewCell.swift */; };
		923A90542774431B00CA8411 /* PostTableViewCell.xib in Resources */ = {isa = PBXBuildFile; fileRef = 923A90522774431B00CA8411 /* PostTableViewCell.xib */; };
		923A905627744D9F00CA8411 /* PlaceHolderTextView.swift in Sources */ = {isa = PBXBuildFile; fileRef = 923A905527744D9F00CA8411 /* PlaceHolderTextView.swift */; };
/* End PBXBuildFile section */

/* Begin PBXFileReference section */
		40C741CAC0E3F74F6679A1FE /* Pods_ERipadApp.framework */ = {isa = PBXFileReference; explicitFileType = wrapper.framework; includeInIndex = 0; path = Pods_ERipadApp.framework; sourceTree = BUILT_PRODUCTS_DIR; };
		923A9018276D804D00CA8411 /* ERipadApp.app */ = {isa = PBXFileReference; explicitFileType = wrapper.application; includeInIndex = 0; path = ERipadApp.app; sourceTree = BUILT_PRODUCTS_DIR; };
		923A901B276D804D00CA8411 /* AppDelegate.swift */ = {isa = PBXFileReference; lastKnownFileType = sourcecode.swift; path = AppDelegate.swift; sourceTree = "<group>"; };
		923A901D276D804D00CA8411 /* SceneDelegate.swift */ = {isa = PBXFileReference; lastKnownFileType = sourcecode.swift; path = SceneDelegate.swift; sourceTree = "<group>"; };
		923A901F276D804D00CA8411 /* ViewController.swift */ = {isa = PBXFileReference; lastKnownFileType = sourcecode.swift; path = ViewController.swift; sourceTree = "<group>"; };
		923A9022276D804D00CA8411 /* Base */ = {isa = PBXFileReference; lastKnownFileType = file.storyboard; name = Base; path = Base.lproj/Main.storyboard; sourceTree = "<group>"; };
		923A9024276D804F00CA8411 /* Assets.xcassets */ = {isa = PBXFileReference; lastKnownFileType = folder.assetcatalog; path = Assets.xcassets; sourceTree = "<group>"; };
		923A9027276D804F00CA8411 /* Base */ = {isa = PBXFileReference; lastKnownFileType = file.storyboard; name = Base; path = Base.lproj/LaunchScreen.storyboard; sourceTree = "<group>"; };
		923A9029276D804F00CA8411 /* Info.plist */ = {isa = PBXFileReference; lastKnownFileType = text.plist.xml; path = Info.plist; sourceTree = "<group>"; };
		923A902F276D806600CA8411 /* LoginViewController.swift */ = {isa = PBXFileReference; lastKnownFileType = sourcecode.swift; path = LoginViewController.swift; sourceTree = "<group>"; };
		923A9031276D807100CA8411 /* HallViewController.swift */ = {isa = PBXFileReference; lastKnownFileType = sourcecode.swift; path = HallViewController.swift; sourceTree = "<group>"; };
		923A9033276D807B00CA8411 /* StatusViewController.swift */ = {isa = PBXFileReference; lastKnownFileType = sourcecode.swift; path = StatusViewController.swift; sourceTree = "<group>"; };
		923A9035276D808800CA8411 /* ChatViewController.swift */ = {isa = PBXFileReference; lastKnownFileType = sourcecode.swift; path = ChatViewController.swift; sourceTree = "<group>"; };
		923A9037276D828000CA8411 /* GoogleService-Info.plist */ = {isa = PBXFileReference; fileEncoding = 4; lastKnownFileType = text.plist.xml; path = "GoogleService-Info.plist"; sourceTree = "<group>"; };
		923A9039276D8A2800CA8411 /* TabBarController.swift */ = {isa = PBXFileReference; lastKnownFileType = sourcecode.swift; path = TabBarController.swift; sourceTree = "<group>"; };
		923A903B276D8D5D00CA8411 /* SettingViewController.swift */ = {isa = PBXFileReference; lastKnownFileType = sourcecode.swift; path = SettingViewController.swift; sourceTree = "<group>"; };
		923A903D276D8FBA00CA8411 /* AreaData.swift */ = {isa = PBXFileReference; lastKnownFileType = sourcecode.swift; path = AreaData.swift; sourceTree = "<group>"; };
		923A903F276D8FC600CA8411 /* HallData.swift */ = {isa = PBXFileReference; lastKnownFileType = sourcecode.swift; path = HallData.swift; sourceTree = "<group>"; };
		923A9041276D8FD500CA8411 /* BroadcastData.swift */ = {isa = PBXFileReference; lastKnownFileType = sourcecode.swift; path = BroadcastData.swift; sourceTree = "<group>"; };
		923A904B2773340400CA8411 /* BroadcastHeaderView.swift */ = {isa = PBXFileReference; lastKnownFileType = sourcecode.swift; path = BroadcastHeaderView.swift; sourceTree = "<group>"; };
		923A904D27743C2900CA8411 /* PostData.swift */ = {isa = PBXFileReference; lastKnownFileType = sourcecode.swift; path = PostData.swift; sourceTree = "<group>"; };
		923A90512774431A00CA8411 /* PostTableViewCell.swift */ = {isa = PBXFileReference; lastKnownFileType = sourcecode.swift; path = PostTableViewCell.swift; sourceTree = "<group>"; };
		923A90522774431B00CA8411 /* PostTableViewCell.xib */ = {isa = PBXFileReference; lastKnownFileType = file.xib; path = PostTableViewCell.xib; sourceTree = "<group>"; };
		923A905527744D9F00CA8411 /* PlaceHolderTextView.swift */ = {isa = PBXFileReference; lastKnownFileType = sourcecode.swift; path = PlaceHolderTextView.swift; sourceTree = "<group>"; };
		A136DFA037F642B473F62790 /* Pods-ERipadApp.release.xcconfig */ = {isa = PBXFileReference; includeInIndex = 1; lastKnownFileType = text.xcconfig; name = "Pods-ERipadApp.release.xcconfig"; path = "Target Support Files/Pods-ERipadApp/Pods-ERipadApp.release.xcconfig"; sourceTree = "<group>"; };
		FD105082FA8D8935E0EB704F /* Pods-ERipadApp.debug.xcconfig */ = {isa = PBXFileReference; includeInIndex = 1; lastKnownFileType = text.xcconfig; name = "Pods-ERipadApp.debug.xcconfig"; path = "Target Support Files/Pods-ERipadApp/Pods-ERipadApp.debug.xcconfig"; sourceTree = "<group>"; };
/* End PBXFileReference section */

/* Begin PBXFrameworksBuildPhase section */
		923A9015276D804D00CA8411 /* Frameworks */ = {
			isa = PBXFrameworksBuildPhase;
			buildActionMask = 2147483647;
			files = (
				21D823E79BA4834F0804C6F6 /* Pods_ERipadApp.framework in Frameworks */,
			);
			runOnlyForDeploymentPostprocessing = 0;
		};
/* End PBXFrameworksBuildPhase section */

/* Begin PBXGroup section */
		1B388CD8F7EA832AFBB3E0E1 /* Frameworks */ = {
			isa = PBXGroup;
			children = (
				40C741CAC0E3F74F6679A1FE /* Pods_ERipadApp.framework */,
			);
			name = Frameworks;
			sourceTree = "<group>";
		};
		4DE22A5338CC5799F5BBE14B /* Pods */ = {
			isa = PBXGroup;
			children = (
				FD105082FA8D8935E0EB704F /* Pods-ERipadApp.debug.xcconfig */,
				A136DFA037F642B473F62790 /* Pods-ERipadApp.release.xcconfig */,
			);
			path = Pods;
			sourceTree = "<group>";
		};
		923A900F276D804D00CA8411 = {
			isa = PBXGroup;
			children = (
				923A901A276D804D00CA8411 /* ERipadApp */,
				923A9019276D804D00CA8411 /* Products */,
				4DE22A5338CC5799F5BBE14B /* Pods */,
				1B388CD8F7EA832AFBB3E0E1 /* Frameworks */,
			);
			sourceTree = "<group>";
		};
		923A9019276D804D00CA8411 /* Products */ = {
			isa = PBXGroup;
			children = (
				923A9018276D804D00CA8411 /* ERipadApp.app */,
			);
			name = Products;
			sourceTree = "<group>";
		};
		923A901A276D804D00CA8411 /* ERipadApp */ = {
			isa = PBXGroup;
			children = (
				923A901B276D804D00CA8411 /* AppDelegate.swift */,
				923A901D276D804D00CA8411 /* SceneDelegate.swift */,
				923A901F276D804D00CA8411 /* ViewController.swift */,
				923A902F276D806600CA8411 /* LoginViewController.swift */,
				923A9031276D807100CA8411 /* HallViewController.swift */,
				923A9039276D8A2800CA8411 /* TabBarController.swift */,
				923A9033276D807B00CA8411 /* StatusViewController.swift */,
				923A9035276D808800CA8411 /* ChatViewController.swift */,
				923A903B276D8D5D00CA8411 /* SettingViewController.swift */,
				923A903D276D8FBA00CA8411 /* AreaData.swift */,
				923A903F276D8FC600CA8411 /* HallData.swift */,
				923A9041276D8FD500CA8411 /* BroadcastData.swift */,
				923A904B2773340400CA8411 /* BroadcastHeaderView.swift */,
				923A904D27743C2900CA8411 /* PostData.swift */,
				923A90512774431A00CA8411 /* PostTableViewCell.swift */,
				923A90522774431B00CA8411 /* PostTableViewCell.xib */,
				923A905527744D9F00CA8411 /* PlaceHolderTextView.swift */,
				923A9021276D804D00CA8411 /* Main.storyboard */,
				923A9024276D804F00CA8411 /* Assets.xcassets */,
				923A9026276D804F00CA8411 /* LaunchScreen.storyboard */,
				923A9029276D804F00CA8411 /* Info.plist */,
				923A9037276D828000CA8411 /* GoogleService-Info.plist */,
			);
			path = ERipadApp;
			sourceTree = "<group>";
		};
/* End PBXGroup section */

/* Begin PBXNativeTarget section */
		923A9017276D804D00CA8411 /* ERipadApp */ = {
			isa = PBXNativeTarget;
			buildConfigurationList = 923A902C276D804F00CA8411 /* Build configuration list for PBXNativeTarget "ERipadApp" */;
			buildPhases = (
				E9E3098B4667E857EB95A67E /* [CP] Check Pods Manifest.lock */,
				923A9014276D804D00CA8411 /* Sources */,
				923A9015276D804D00CA8411 /* Frameworks */,
				923A9016276D804D00CA8411 /* Resources */,
				E48DDA6DC35B42DDC6118129 /* [CP] Embed Pods Frameworks */,
			);
			buildRules = (
			);
			dependencies = (
			);
			name = ERipadApp;
			productName = ERipadApp;
			productReference = 923A9018276D804D00CA8411 /* ERipadApp.app */;
			productType = "com.apple.product-type.application";
		};
/* End PBXNativeTarget section */

/* Begin PBXProject section */
		923A9010276D804D00CA8411 /* Project object */ = {
			isa = PBXProject;
			attributes = {
				LastSwiftUpdateCheck = 1250;
				LastUpgradeCheck = 1250;
				TargetAttributes = {
					923A9017276D804D00CA8411 = {
						CreatedOnToolsVersion = 12.5.1;
					};
				};
			};
			buildConfigurationList = 923A9013276D804D00CA8411 /* Build configuration list for PBXProject "ERipadApp" */;
			compatibilityVersion = "Xcode 9.3";
			developmentRegion = en;
			hasScannedForEncodings = 0;
			knownRegions = (
				en,
				Base,
			);
			mainGroup = 923A900F276D804D00CA8411;
			productRefGroup = 923A9019276D804D00CA8411 /* Products */;
			projectDirPath = "";
			projectRoot = "";
			targets = (
				923A9017276D804D00CA8411 /* ERipadApp */,
			);
		};
/* End PBXProject section */

/* Begin PBXResourcesBuildPhase section */
		923A9016276D804D00CA8411 /* Resources */ = {
			isa = PBXResourcesBuildPhase;
			buildActionMask = 2147483647;
			files = (
				923A9028276D804F00CA8411 /* LaunchScreen.storyboard in Resources */,
				923A90542774431B00CA8411 /* PostTableViewCell.xib in Resources */,
				923A9038276D828000CA8411 /* GoogleService-Info.plist in Resources */,
				923A9025276D804F00CA8411 /* Assets.xcassets in Resources */,
				923A9023276D804D00CA8411 /* Main.storyboard in Resources */,
			);
			runOnlyForDeploymentPostprocessing = 0;
		};
/* End PBXResourcesBuildPhase section */

/* Begin PBXShellScriptBuildPhase section */
		E48DDA6DC35B42DDC6118129 /* [CP] Embed Pods Frameworks */ = {
			isa = PBXShellScriptBuildPhase;
			buildActionMask = 2147483647;
			files = (
			);
			inputFileListPaths = (
				"${PODS_ROOT}/Target Support Files/Pods-ERipadApp/Pods-ERipadApp-frameworks-${CONFIGURATION}-input-files.xcfilelist",
			);
			name = "[CP] Embed Pods Frameworks";
			outputFileListPaths = (
				"${PODS_ROOT}/Target Support Files/Pods-ERipadApp/Pods-ERipadApp-frameworks-${CONFIGURATION}-output-files.xcfilelist",
			);
			runOnlyForDeploymentPostprocessing = 0;
			shellPath = /bin/sh;
			shellScript = "\"${PODS_ROOT}/Target Support Files/Pods-ERipadApp/Pods-ERipadApp-frameworks.sh\"\n";
			showEnvVarsInLog = 0;
		};
		E9E3098B4667E857EB95A67E /* [CP] Check Pods Manifest.lock */ = {
			isa = PBXShellScriptBuildPhase;
			buildActionMask = 2147483647;
			files = (
			);
			inputFileListPaths = (
			);
			inputPaths = (
				"${PODS_PODFILE_DIR_PATH}/Podfile.lock",
				"${PODS_ROOT}/Manifest.lock",
			);
			name = "[CP] Check Pods Manifest.lock";
			outputFileListPaths = (
			);
			outputPaths = (
				"$(DERIVED_FILE_DIR)/Pods-ERipadApp-checkManifestLockResult.txt",
			);
			runOnlyForDeploymentPostprocessing = 0;
			shellPath = /bin/sh;
			shellScript = "diff \"${PODS_PODFILE_DIR_PATH}/Podfile.lock\" \"${PODS_ROOT}/Manifest.lock\" > /dev/null\nif [ $? != 0 ] ; then\n    # print error to STDERR\n    echo \"error: The sandbox is not in sync with the Podfile.lock. Run 'pod install' or update your CocoaPods installation.\" >&2\n    exit 1\nfi\n# This output is used by Xcode 'outputs' to avoid re-running this script phase.\necho \"SUCCESS\" > \"${SCRIPT_OUTPUT_FILE_0}\"\n";
			showEnvVarsInLog = 0;
		};
/* End PBXShellScriptBuildPhase section */

/* Begin PBXSourcesBuildPhase section */
		923A9014276D804D00CA8411 /* Sources */ = {
			isa = PBXSourcesBuildPhase;
			buildActionMask = 2147483647;
			files = (
				923A9040276D8FC600CA8411 /* HallData.swift in Sources */,
				923A9030276D806600CA8411 /* LoginViewController.swift in Sources */,
				923A90532774431B00CA8411 /* PostTableViewCell.swift in Sources */,
				923A903A276D8A2800CA8411 /* TabBarController.swift in Sources */,
				923A9020276D804D00CA8411 /* ViewController.swift in Sources */,
				923A901C276D804D00CA8411 /* AppDelegate.swift in Sources */,
				923A904E27743C2900CA8411 /* PostData.swift in Sources */,
				923A905627744D9F00CA8411 /* PlaceHolderTextView.swift in Sources */,
				923A903E276D8FBA00CA8411 /* AreaData.swift in Sources */,
				923A9036276D808800CA8411 /* ChatViewController.swift in Sources */,
				923A903C276D8D5D00CA8411 /* SettingViewController.swift in Sources */,
				923A901E276D804D00CA8411 /* SceneDelegate.swift in Sources */,
				923A9034276D807B00CA8411 /* StatusViewController.swift in Sources */,
				923A904C2773340400CA8411 /* BroadcastHeaderView.swift in Sources */,
				923A9032276D807100CA8411 /* HallViewController.swift in Sources */,
				923A9042276D8FD500CA8411 /* BroadcastData.swift in Sources */,
			);
			runOnlyForDeploymentPostprocessing = 0;
		};
/* End PBXSourcesBuildPhase section */

/* Begin PBXVariantGroup section */
		923A9021276D804D00CA8411 /* Main.storyboard */ = {
			isa = PBXVariantGroup;
			children = (
				923A9022276D804D00CA8411 /* Base */,
			);
			name = Main.storyboard;
			sourceTree = "<group>";
		};
		923A9026276D804F00CA8411 /* LaunchScreen.storyboard */ = {
			isa = PBXVariantGroup;
			children = (
				923A9027276D804F00CA8411 /* Base */,
			);
			name = LaunchScreen.storyboard;
			sourceTree = "<group>";
		};
/* End PBXVariantGroup section */

/* Begin XCBuildConfiguration section */
		923A902A276D804F00CA8411 /* Debug */ = {
			isa = XCBuildConfiguration;
			buildSettings = {
				ALWAYS_SEARCH_USER_PATHS = NO;
				CLANG_ANALYZER_NONNULL = YES;
				CLANG_ANALYZER_NUMBER_OBJECT_CONVERSION = YES_AGGRESSIVE;
				CLANG_CXX_LANGUAGE_STANDARD = "gnu++14";
				CLANG_CXX_LIBRARY = "libc++";
				CLANG_ENABLE_MODULES = YES;
				CLANG_ENABLE_OBJC_ARC = YES;
				CLANG_ENABLE_OBJC_WEAK = YES;
				CLANG_WARN_BLOCK_CAPTURE_AUTORELEASING = YES;
				CLANG_WARN_BOOL_CONVERSION = YES;
				CLANG_WARN_COMMA = YES;
				CLANG_WARN_CONSTANT_CONVERSION = YES;
				CLANG_WARN_DEPRECATED_OBJC_IMPLEMENTATIONS = YES;
				CLANG_WARN_DIRECT_OBJC_ISA_USAGE = YES_ERROR;
				CLANG_WARN_DOCUMENTATION_COMMENTS = YES;
				CLANG_WARN_EMPTY_BODY = YES;
				CLANG_WARN_ENUM_CONVERSION = YES;
				CLANG_WARN_INFINITE_RECURSION = YES;
				CLANG_WARN_INT_CONVERSION = YES;
				CLANG_WARN_NON_LITERAL_NULL_CONVERSION = YES;
				CLANG_WARN_OBJC_IMPLICIT_RETAIN_SELF = YES;
				CLANG_WARN_OBJC_LITERAL_CONVERSION = YES;
				CLANG_WARN_OBJC_ROOT_CLASS = YES_ERROR;
				CLANG_WARN_QUOTED_INCLUDE_IN_FRAMEWORK_HEADER = YES;
				CLANG_WARN_RANGE_LOOP_ANALYSIS = YES;
				CLANG_WARN_STRICT_PROTOTYPES = YES;
				CLANG_WARN_SUSPICIOUS_MOVE = YES;
				CLANG_WARN_UNGUARDED_AVAILABILITY = YES_AGGRESSIVE;
				CLANG_WARN_UNREACHABLE_CODE = YES;
				CLANG_WARN__DUPLICATE_METHOD_MATCH = YES;
				COPY_PHASE_STRIP = NO;
				DEBUG_INFORMATION_FORMAT = dwarf;
				ENABLE_STRICT_OBJC_MSGSEND = YES;
				ENABLE_TESTABILITY = YES;
				GCC_C_LANGUAGE_STANDARD = gnu11;
				GCC_DYNAMIC_NO_PIC = NO;
				GCC_NO_COMMON_BLOCKS = YES;
				GCC_OPTIMIZATION_LEVEL = 0;
				GCC_PREPROCESSOR_DEFINITIONS = (
					"DEBUG=1",
					"$(inherited)",
				);
				GCC_WARN_64_TO_32_BIT_CONVERSION = YES;
				GCC_WARN_ABOUT_RETURN_TYPE = YES_ERROR;
				GCC_WARN_UNDECLARED_SELECTOR = YES;
				GCC_WARN_UNINITIALIZED_AUTOS = YES_AGGRESSIVE;
				GCC_WARN_UNUSED_FUNCTION = YES;
				GCC_WARN_UNUSED_VARIABLE = YES;
				IPHONEOS_DEPLOYMENT_TARGET = 14.5;
				MTL_ENABLE_DEBUG_INFO = INCLUDE_SOURCE;
				MTL_FAST_MATH = YES;
				ONLY_ACTIVE_ARCH = YES;
				SDKROOT = iphoneos;
				SWIFT_ACTIVE_COMPILATION_CONDITIONS = DEBUG;
				SWIFT_OPTIMIZATION_LEVEL = "-Onone";
			};
			name = Debug;
		};
		923A902B276D804F00CA8411 /* Release */ = {
			isa = XCBuildConfiguration;
			buildSettings = {
				ALWAYS_SEARCH_USER_PATHS = NO;
				CLANG_ANALYZER_NONNULL = YES;
				CLANG_ANALYZER_NUMBER_OBJECT_CONVERSION = YES_AGGRESSIVE;
				CLANG_CXX_LANGUAGE_STANDARD = "gnu++14";
				CLANG_CXX_LIBRARY = "libc++";
				CLANG_ENABLE_MODULES = YES;
				CLANG_ENABLE_OBJC_ARC = YES;
				CLANG_ENABLE_OBJC_WEAK = YES;
				CLANG_WARN_BLOCK_CAPTURE_AUTORELEASING = YES;
				CLANG_WARN_BOOL_CONVERSION = YES;
				CLANG_WARN_COMMA = YES;
				CLANG_WARN_CONSTANT_CONVERSION = YES;
				CLANG_WARN_DEPRECATED_OBJC_IMPLEMENTATIONS = YES;
				CLANG_WARN_DIRECT_OBJC_ISA_USAGE = YES_ERROR;
				CLANG_WARN_DOCUMENTATION_COMMENTS = YES;
				CLANG_WARN_EMPTY_BODY = YES;
				CLANG_WARN_ENUM_CONVERSION = YES;
				CLANG_WARN_INFINITE_RECURSION = YES;
				CLANG_WARN_INT_CONVERSION = YES;
				CLANG_WARN_NON_LITERAL_NULL_CONVERSION = YES;
				CLANG_WARN_OBJC_IMPLICIT_RETAIN_SELF = YES;
				CLANG_WARN_OBJC_LITERAL_CONVERSION = YES;
				CLANG_WARN_OBJC_ROOT_CLASS = YES_ERROR;
				CLANG_WARN_QUOTED_INCLUDE_IN_FRAMEWORK_HEADER = YES;
				CLANG_WARN_RANGE_LOOP_ANALYSIS = YES;
				CLANG_WARN_STRICT_PROTOTYPES = YES;
				CLANG_WARN_SUSPICIOUS_MOVE = YES;
				CLANG_WARN_UNGUARDED_AVAILABILITY = YES_AGGRESSIVE;
				CLANG_WARN_UNREACHABLE_CODE = YES;
				CLANG_WARN__DUPLICATE_METHOD_MATCH = YES;
				COPY_PHASE_STRIP = NO;
				DEBUG_INFORMATION_FORMAT = "dwarf-with-dsym";
				ENABLE_NS_ASSERTIONS = NO;
				ENABLE_STRICT_OBJC_MSGSEND = YES;
				GCC_C_LANGUAGE_STANDARD = gnu11;
				GCC_NO_COMMON_BLOCKS = YES;
				GCC_WARN_64_TO_32_BIT_CONVERSION = YES;
				GCC_WARN_ABOUT_RETURN_TYPE = YES_ERROR;
				GCC_WARN_UNDECLARED_SELECTOR = YES;
				GCC_WARN_UNINITIALIZED_AUTOS = YES_AGGRESSIVE;
				GCC_WARN_UNUSED_FUNCTION = YES;
				GCC_WARN_UNUSED_VARIABLE = YES;
				IPHONEOS_DEPLOYMENT_TARGET = 14.5;
				MTL_ENABLE_DEBUG_INFO = NO;
				MTL_FAST_MATH = YES;
				SDKROOT = iphoneos;
				SWIFT_COMPILATION_MODE = wholemodule;
				SWIFT_OPTIMIZATION_LEVEL = "-O";
				VALIDATE_PRODUCT = YES;
			};
			name = Release;
		};
		923A902D276D804F00CA8411 /* Debug */ = {
			isa = XCBuildConfiguration;
			baseConfigurationReference = FD105082FA8D8935E0EB704F /* Pods-ERipadApp.debug.xcconfig */;
			buildSettings = {
				ASSETCATALOG_COMPILER_APPICON_NAME = AppIcon;
				ASSETCATALOG_COMPILER_GLOBAL_ACCENT_COLOR_NAME = AccentColor;
				CODE_SIGN_STYLE = Automatic;
				DEVELOPMENT_TEAM = 9DD7456UGC;
				INFOPLIST_FILE = ERipadApp/Info.plist;
				LD_RUNPATH_SEARCH_PATHS = (
					"$(inherited)",
					"@executable_path/Frameworks",
				);
				PRODUCT_BUNDLE_IDENTIFIER = jp.techacademy.gohta.maruyama.ERipadApp;
				PRODUCT_NAME = "$(TARGET_NAME)";
				SWIFT_VERSION = 5.0;
				TARGETED_DEVICE_FAMILY = 2;
			};
			name = Debug;
		};
		923A902E276D804F00CA8411 /* Release */ = {
			isa = XCBuildConfiguration;
			baseConfigurationReference = A136DFA037F642B473F62790 /* Pods-ERipadApp.release.xcconfig */;
			buildSettings = {
				ASSETCATALOG_COMPILER_APPICON_NAME = AppIcon;
				ASSETCATALOG_COMPILER_GLOBAL_ACCENT_COLOR_NAME = AccentColor;
				CODE_SIGN_STYLE = Automatic;
				DEVELOPMENT_TEAM = 9DD7456UGC;
				INFOPLIST_FILE = ERipadApp/Info.plist;
				LD_RUNPATH_SEARCH_PATHS = (
					"$(inherited)",
					"@executable_path/Frameworks",
				);
				PRODUCT_BUNDLE_IDENTIFIER = jp.techacademy.gohta.maruyama.ERipadApp;
				PRODUCT_NAME = "$(TARGET_NAME)";
				SWIFT_VERSION = 5.0;
				TARGETED_DEVICE_FAMILY = 2;
			};
			name = Release;
		};
/* End XCBuildConfiguration section */

/* Begin XCConfigurationList section */
		923A9013276D804D00CA8411 /* Build configuration list for PBXProject "ERipadApp" */ = {
			isa = XCConfigurationList;
			buildConfigurations = (
				923A902A276D804F00CA8411 /* Debug */,
				923A902B276D804F00CA8411 /* Release */,
			);
			defaultConfigurationIsVisible = 0;
			defaultConfigurationName = Release;
		};
		923A902C276D804F00CA8411 /* Build configuration list for PBXNativeTarget "ERipadApp" */ = {
			isa = XCConfigurationList;
			buildConfigurations = (
				923A902D276D804F00CA8411 /* Debug */,
				923A902E276D804F00CA8411 /* Release */,
			);
			defaultConfigurationIsVisible = 0;
			defaultConfigurationName = Release;
		};
/* End XCConfigurationList section */
	};
	rootObject = 923A9010276D804D00CA8411 /* Project object */;
}
